
Microsoft Visual Studio Solution File, Format Version 12.00
# Visual Studio 14
VisualStudioVersion = 14.0.25420.1
MinimumVisualStudioVersion = 10.0.40219.1
Project("{FAE04EC0-301F-11D3-BF4B-00C04F79EFBC}") = "APIEntity", "APIEntity\APIEntity.csproj", "{B892CD1A-F8AD-44F7-8CFF-16ACF77F2576}"
EndProject
Project("{FAE04EC0-301F-11D3-BF4B-00C04F79EFBC}") = "APIInterface", "APIInterface\APIInterface.csproj", "{6E86B120-23FA-451E-A33A-FCF019447622}"
EndProject
Project("{FAE04EC0-301F-11D3-BF4B-00C04F79EFBC}") = "APIRepository", "APIRepository\APIRepository.csproj", "{596DFC2C-7981-4A26-95BB-C54364A8E692}"
EndProject
Project("{FAE04EC0-301F-11D3-BF4B-00C04F79EFBC}") = "APIApp", "APIApp\APIApp.csproj", "{E0BB297B-32DF-41CF-A79F-FD58639EF584}"
EndProject
Project("{FAE04EC0-301F-11D3-BF4B-00C04F79EFBC}") = "Myapi", "Myapi\Myapi.csproj", "{74FBB70A-2B1E-499A-B241-8AA36CCB3D4B}"
EndProject
Global
	GlobalSection(SolutionConfigurationPlatforms) = preSolution
		Debug|Any CPU = Debug|Any CPU
		Release|Any CPU = Release|Any CPU
	EndGlobalSection
	GlobalSection(ProjectConfigurationPlatforms) = postSolution
		{B892CD1A-F8AD-44F7-8CFF-16ACF77F2576}.Debug|Any CPU.ActiveCfg = Debug|Any CPU
		{B892CD1A-F8AD-44F7-8CFF-16ACF77F2576}.Debug|Any CPU.Build.0 = Debug|Any CPU
		{B892CD1A-F8AD-44F7-8CFF-16ACF77F2576}.Release|Any CPU.ActiveCfg = Release|Any CPU
		{B892CD1A-F8AD-44F7-8CFF-16ACF77F2576}.Release|Any CPU.Build.0 = Release|Any CPU
		{6E86B120-23FA-451E-A33A-FCF019447622}.Debug|Any CPU.ActiveCfg = Debug|Any CPU
		{6E86B120-23FA-451E-A33A-FCF019447622}.Debug|Any CPU.Build.0 = Debug|Any CPU
		{6E86B120-23FA-451E-A33A-FCF019447622}.Release|Any CPU.ActiveCfg = Release|Any CPU
		{6E86B120-23FA-451E-A33A-FCF019447622}.Release|Any CPU.Build.0 = Release|Any CPU
		{596DFC2C-7981-4A26-95BB-C54364A8E692}.Debug|Any CPU.ActiveCfg = Debug|Any CPU
		{596DFC2C-7981-4A26-95BB-C54364A8E692}.Debug|Any CPU.Build.0 = Debug|Any CPU
		{596DFC2C-7981-4A26-95BB-C54364A8E692}.Release|Any CPU.ActiveCfg = Release|Any CPU
		{596DFC2C-7981-4A26-95BB-C54364A8E692}.Release|Any CPU.Build.0 = Release|Any CPU
		{E0BB297B-32DF-41CF-A79F-FD58639EF584}.Debug|Any CPU.ActiveCfg = Debug|Any CPU
		{E0BB297B-32DF-41CF-A79F-FD58639EF584}.Debug|Any CPU.Build.0 = Debug|Any CPU
		{E0BB297B-32DF-41CF-A79F-FD58639EF584}.Release|Any CPU.ActiveCfg = Release|Any CPU
		{E0BB297B-32DF-41CF-A79F-FD58639EF584}.Release|Any CPU.Build.0 = Release|Any CPU
		{74FBB70A-2B1E-499A-B241-8AA36CCB3D4B}.Debug|Any CPU.ActiveCfg = Debug|Any CPU
		{74FBB70A-2B1E-499A-B241-8AA36CCB3D4B}.Debug|Any CPU.Build.0 = Debug|Any CPU
		{74FBB70A-2B1E-499A-B241-8AA36CCB3D4B}.Release|Any CPU.ActiveCfg = Release|Any CPU
		{74FBB70A-2B1E-499A-B241-8AA36CCB3D4B}.Release|Any CPU.Build.0 = Release|Any CPU
	EndGlobalSection
	GlobalSection(SolutionProperties) = preSolution
		HideSolutionNode = FALSE
	EndGlobalSection
	GlobalSection(ExtensibilityGlobals) = postSolution
		SolutionGuid = {48E20E77-4D83-4FC3-AC85-C5B0CFD8BB97}
	EndGlobalSection
EndGlobal
